// !$*UTF8*$!
{
	archiveVersion = 1;
	classes = {
	};
	objectVersion = 50;
	objects = {

/* Begin PBXBuildFile section */
		696C7A51240AB70200643598 /* AppDelegate.swift in Sources */ = {isa = PBXBuildFile; fileRef = 696C7A50240AB70200643598 /* AppDelegate.swift */; };
		696C7A53240AB70200643598 /* SceneDelegate.swift in Sources */ = {isa = PBXBuildFile; fileRef = 696C7A52240AB70200643598 /* SceneDelegate.swift */; };
		696C7A56240AB70200643598 /* co_story.xcdatamodeld in Sources */ = {isa = PBXBuildFile; fileRef = 696C7A54240AB70200643598 /* co_story.xcdatamodeld */; };
		696C7A58240AB70200643598 /* ContentView.swift in Sources */ = {isa = PBXBuildFile; fileRef = 696C7A57240AB70200643598 /* ContentView.swift */; };
		696C7A5A240AB70500643598 /* Assets.xcassets in Resources */ = {isa = PBXBuildFile; fileRef = 696C7A59240AB70500643598 /* Assets.xcassets */; };
		696C7A5D240AB70500643598 /* Preview Assets.xcassets in Resources */ = {isa = PBXBuildFile; fileRef = 696C7A5C240AB70500643598 /* Preview Assets.xcassets */; };
		696C7A60240AB70600643598 /* LaunchScreen.storyboard in Resources */ = {isa = PBXBuildFile; fileRef = 696C7A5E240AB70600643598 /* LaunchScreen.storyboard */; };
		696C7A6B240AB70600643598 /* co_storyTests.swift in Sources */ = {isa = PBXBuildFile; fileRef = 696C7A6A240AB70600643598 /* co_storyTests.swift */; };
		696C7A76240AB70600643598 /* co_storyUITests.swift in Sources */ = {isa = PBXBuildFile; fileRef = 696C7A75240AB70600643598 /* co_storyUITests.swift */; };
/* End PBXBuildFile section */

/* Begin PBXContainerItemProxy section */
		696C7A67240AB70600643598 /* PBXContainerItemProxy */ = {
			isa = PBXContainerItemProxy;
			containerPortal = 696C7A45240AB70200643598 /* Project object */;
			proxyType = 1;
			remoteGlobalIDString = 696C7A4C240AB70200643598;
			remoteInfo = "co-story";
		};
		696C7A72240AB70600643598 /* PBXContainerItemProxy */ = {
			isa = PBXContainerItemProxy;
			containerPortal = 696C7A45240AB70200643598 /* Project object */;
			proxyType = 1;
			remoteGlobalIDString = 696C7A4C240AB70200643598;
			remoteInfo = "co-story";
		};
/* End PBXContainerItemProxy section */

/* Begin PBXFileReference section */
		696C7A4D240AB70200643598 /* co-story.app */ = {isa = PBXFileReference; explicitFileType = wrapper.application; includeInIndex = 0; path = "co-story.app"; sourceTree = BUILT_PRODUCTS_DIR; };
		696C7A50240AB70200643598 /* AppDelegate.swift */ = {isa = PBXFileReference; lastKnownFileType = sourcecode.swift; path = AppDelegate.swift; sourceTree = "<group>"; };
		696C7A52240AB70200643598 /* SceneDelegate.swift */ = {isa = PBXFileReference; lastKnownFileType = sourcecode.swift; path = SceneDelegate.swift; sourceTree = "<group>"; };
		696C7A55240AB70200643598 /* co_story.xcdatamodel */ = {isa = PBXFileReference; lastKnownFileType = wrapper.xcdatamodel; path = co_story.xcdatamodel; sourceTree = "<group>"; };
		696C7A57240AB70200643598 /* ContentView.swift */ = {isa = PBXFileReference; lastKnownFileType = sourcecode.swift; path = ContentView.swift; sourceTree = "<group>"; };
		696C7A59240AB70500643598 /* Assets.xcassets */ = {isa = PBXFileReference; lastKnownFileType = folder.assetcatalog; path = Assets.xcassets; sourceTree = "<group>"; };
		696C7A5C240AB70500643598 /* Preview Assets.xcassets */ = {isa = PBXFileReference; lastKnownFileType = folder.assetcatalog; path = "Preview Assets.xcassets"; sourceTree = "<group>"; };
		696C7A5F240AB70600643598 /* Base */ = {isa = PBXFileReference; lastKnownFileType = file.storyboard; name = Base; path = Base.lproj/LaunchScreen.storyboard; sourceTree = "<group>"; };
		696C7A61240AB70600643598 /* Info.plist */ = {isa = PBXFileReference; lastKnownFileType = text.plist.xml; path = Info.plist; sourceTree = "<group>"; };
		696C7A66240AB70600643598 /* co-storyTests.xctest */ = {isa = PBXFileReference; explicitFileType = wrapper.cfbundle; includeInIndex = 0; path = "co-storyTests.xctest"; sourceTree = BUILT_PRODUCTS_DIR; };
		696C7A6A240AB70600643598 /* co_storyTests.swift */ = {isa = PBXFileReference; lastKnownFileType = sourcecode.swift; path = co_storyTests.swift; sourceTree = "<group>"; };
		696C7A6C240AB70600643598 /* Info.plist */ = {isa = PBXFileReference; lastKnownFileType = text.plist.xml; path = Info.plist; sourceTree = "<group>"; };
		696C7A71240AB70600643598 /* co-storyUITests.xctest */ = {isa = PBXFileReference; explicitFileType = wrapper.cfbundle; includeInIndex = 0; path = "co-storyUITests.xctest"; sourceTree = BUILT_PRODUCTS_DIR; };
		696C7A75240AB70600643598 /* co_storyUITests.swift */ = {isa = PBXFileReference; lastKnownFileType = sourcecode.swift; path = co_storyUITests.swift; sourceTree = "<group>"; };
		696C7A77240AB70600643598 /* Info.plist */ = {isa = PBXFileReference; lastKnownFileType = text.plist.xml; path = Info.plist; sourceTree = "<group>"; };
/* End PBXFileReference section */

/* Begin PBXFrameworksBuildPhase section */
		696C7A4A240AB70200643598 /* Frameworks */ = {
			isa = PBXFrameworksBuildPhase;
			buildActionMask = 2147483647;
			files = (
			);
			runOnlyForDeploymentPostprocessing = 0;
		};
		696C7A63240AB70600643598 /* Frameworks */ = {
			isa = PBXFrameworksBuildPhase;
			buildActionMask = 2147483647;
			files = (
			);
			runOnlyForDeploymentPostprocessing = 0;
		};
		696C7A6E240AB70600643598 /* Frameworks */ = {
			isa = PBXFrameworksBuildPhase;
			buildActionMask = 2147483647;
			files = (
			);
			runOnlyForDeploymentPostprocessing = 0;
		};
/* End PBXFrameworksBuildPhase section */

/* Begin PBXGroup section */
		696C7A44240AB70200643598 = {
			isa = PBXGroup;
			children = (
				696C7A4F240AB70200643598 /* co-story */,
				696C7A69240AB70600643598 /* co-storyTests */,
				696C7A74240AB70600643598 /* co-storyUITests */,
				696C7A4E240AB70200643598 /* Products */,
			);
			sourceTree = "<group>";
		};
		696C7A4E240AB70200643598 /* Products */ = {
			isa = PBXGroup;
			children = (
				696C7A4D240AB70200643598 /* co-story.app */,
				696C7A66240AB70600643598 /* co-storyTests.xctest */,
				696C7A71240AB70600643598 /* co-storyUITests.xctest */,
			);
			name = Products;
			sourceTree = "<group>";
		};
		696C7A4F240AB70200643598 /* co-story */ = {
			isa = PBXGroup;
			children = (
				696C7A50240AB70200643598 /* AppDelegate.swift */,
				696C7A52240AB70200643598 /* SceneDelegate.swift */,
				696C7A57240AB70200643598 /* ContentView.swift */,
				696C7A59240AB70500643598 /* Assets.xcassets */,
				696C7A5E240AB70600643598 /* LaunchScreen.storyboard */,
				696C7A61240AB70600643598 /* Info.plist */,
				696C7A54240AB70200643598 /* co_story.xcdatamodeld */,
				696C7A5B240AB70500643598 /* Preview Content */,
			);
			path = "co-story";
			sourceTree = "<group>";
		};
		696C7A5B240AB70500643598 /* Preview Content */ = {
			isa = PBXGroup;
			children = (
				696C7A5C240AB70500643598 /* Preview Assets.xcassets */,
			);
			path = "Preview Content";
			sourceTree = "<group>";
		};
		696C7A69240AB70600643598 /* co-storyTests */ = {
			isa = PBXGroup;
			children = (
				696C7A6A240AB70600643598 /* co_storyTests.swift */,
				696C7A6C240AB70600643598 /* Info.plist */,
			);
			path = "co-storyTests";
			sourceTree = "<group>";
		};
		696C7A74240AB70600643598 /* co-storyUITests */ = {
			isa = PBXGroup;
			children = (
				696C7A75240AB70600643598 /* co_storyUITests.swift */,
				696C7A77240AB70600643598 /* Info.plist */,
			);
			path = "co-storyUITests";
			sourceTree = "<group>";
		};
/* End PBXGroup section */

/* Begin PBXNativeTarget section */
		696C7A4C240AB70200643598 /* co-story */ = {
			isa = PBXNativeTarget;
			buildConfigurationList = 696C7A7A240AB70600643598 /* Build configuration list for PBXNativeTarget "co-story" */;
			buildPhases = (
				696C7A49240AB70200643598 /* Sources */,
				696C7A4A240AB70200643598 /* Frameworks */,
				696C7A4B240AB70200643598 /* Resources */,
			);
			buildRules = (
			);
			dependencies = (
			);
			name = "co-story";
			productName = "co-story";
			productReference = 696C7A4D240AB70200643598 /* co-story.app */;
			productType = "com.apple.product-type.application";
		};
		696C7A65240AB70600643598 /* co-storyTests */ = {
			isa = PBXNativeTarget;
			buildConfigurationList = 696C7A7D240AB70600643598 /* Build configuration list for PBXNativeTarget "co-storyTests" */;
			buildPhases = (
				696C7A62240AB70600643598 /* Sources */,
				696C7A63240AB70600643598 /* Frameworks */,
				696C7A64240AB70600643598 /* Resources */,
			);
			buildRules = (
			);
			dependencies = (
				696C7A68240AB70600643598 /* PBXTargetDependency */,
			);
			name = "co-storyTests";
			productName = "co-storyTests";
			productReference = 696C7A66240AB70600643598 /* co-storyTests.xctest */;
			productType = "com.apple.product-type.bundle.unit-test";
		};
		696C7A70240AB70600643598 /* co-storyUITests */ = {
			isa = PBXNativeTarget;
			buildConfigurationList = 696C7A80240AB70600643598 /* Build configuration list for PBXNativeTarget "co-storyUITests" */;
			buildPhases = (
				696C7A6D240AB70600643598 /* Sources */,
				696C7A6E240AB70600643598 /* Frameworks */,
				696C7A6F240AB70600643598 /* Resources */,
			);
			buildRules = (
			);
			dependencies = (
				696C7A73240AB70600643598 /* PBXTargetDependency */,
			);
			name = "co-storyUITests";
			productName = "co-storyUITests";
			productReference = 696C7A71240AB70600643598 /* co-storyUITests.xctest */;
			productType = "com.apple.product-type.bundle.ui-testing";
		};
/* End PBXNativeTarget section */

/* Begin PBXProject section */
		696C7A45240AB70200643598 /* Project object */ = {
			isa = PBXProject;
			attributes = {
				LastSwiftUpdateCheck = 1120;
				LastUpgradeCheck = 1120;
				ORGANIZATIONNAME = conicle;
				TargetAttributes = {
					696C7A4C240AB70200643598 = {
						CreatedOnToolsVersion = 11.2.1;
					};
					696C7A65240AB70600643598 = {
						CreatedOnToolsVersion = 11.2.1;
						TestTargetID = 696C7A4C240AB70200643598;
					};
					696C7A70240AB70600643598 = {
						CreatedOnToolsVersion = 11.2.1;
						TestTargetID = 696C7A4C240AB70200643598;
					};
				};
			};
			buildConfigurationList = 696C7A48240AB70200643598 /* Build configuration list for PBXProject "co-story" */;
			compatibilityVersion = "Xcode 9.3";
			developmentRegion = en;
			hasScannedForEncodings = 0;
			knownRegions = (
				en,
				Base,
			);
			mainGroup = 696C7A44240AB70200643598;
			productRefGroup = 696C7A4E240AB70200643598 /* Products */;
			projectDirPath = "";
			projectRoot = "";
			targets = (
				696C7A4C240AB70200643598 /* co-story */,
				696C7A65240AB70600643598 /* co-storyTests */,
				696C7A70240AB70600643598 /* co-storyUITests */,
			);
		};
/* End PBXProject section */

/* Begin PBXResourcesBuildPhase section */
		696C7A4B240AB70200643598 /* Resources */ = {
			isa = PBXResourcesBuildPhase;
			buildActionMask = 2147483647;
			files = (
				696C7A60240AB70600643598 /* LaunchScreen.storyboard in Resources */,
				696C7A5D240AB70500643598 /* Preview Assets.xcassets in Resources */,
				696C7A5A240AB70500643598 /* Assets.xcassets in Resources */,
			);
			runOnlyForDeploymentPostprocessing = 0;
		};
		696C7A64240AB70600643598 /* Resources */ = {
			isa = PBXResourcesBuildPhase;
			buildActionMask = 2147483647;
			files = (
			);
			runOnlyForDeploymentPostprocessing = 0;
		};
		696C7A6F240AB70600643598 /* Resources */ = {
			isa = PBXResourcesBuildPhase;
			buildActionMask = 2147483647;
			files = (
			);
			runOnlyForDeploymentPostprocessing = 0;
		};
/* End PBXResourcesBuildPhase section */

/* Begin PBXSourcesBuildPhase section */
		696C7A49240AB70200643598 /* Sources */ = {
			isa = PBXSourcesBuildPhase;
			buildActionMask = 2147483647;
			files = (
				696C7A51240AB70200643598 /* AppDelegate.swift in Sources */,
				696C7A53240AB70200643598 /* SceneDelegate.swift in Sources */,
				696C7A58240AB70200643598 /* ContentView.swift in Sources */,
				696C7A56240AB70200643598 /* co_story.xcdatamodeld in Sources */,
			);
			runOnlyForDeploymentPostprocessing = 0;
		};
		696C7A62240AB70600643598 /* Sources */ = {
			isa = PBXSourcesBuildPhase;
			buildActionMask = 2147483647;
			files = (
				696C7A6B240AB70600643598 /* co_storyTests.swift in Sources */,
			);
			runOnlyForDeploymentPostprocessing = 0;
		};
		696C7A6D240AB70600643598 /* Sources */ = {
			isa = PBXSourcesBuildPhase;
			buildActionMask = 2147483647;
			files = (
				696C7A76240AB70600643598 /* co_storyUITests.swift in Sources */,
			);
			runOnlyForDeploymentPostprocessing = 0;
		};
/* End PBXSourcesBuildPhase section */

/* Begin PBXTargetDependency section */
		696C7A68240AB70600643598 /* PBXTargetDependency */ = {
			isa = PBXTargetDependency;
			target = 696C7A4C240AB70200643598 /* co-story */;
			targetProxy = 696C7A67240AB70600643598 /* PBXContainerItemProxy */;
		};
		696C7A73240AB70600643598 /* PBXTargetDependency */ = {
			isa = PBXTargetDependency;
			target = 696C7A4C240AB70200643598 /* co-story */;
			targetProxy = 696C7A72240AB70600643598 /* PBXContainerItemProxy */;
		};
/* End PBXTargetDependency section */

/* Begin PBXVariantGroup section */
		696C7A5E240AB70600643598 /* LaunchScreen.storyboard */ = {
			isa = PBXVariantGroup;
			children = (
				696C7A5F240AB70600643598 /* Base */,
			);
			name = LaunchScreen.storyboard;
			sourceTree = "<group>";
		};
/* End PBXVariantGroup section */

/* Begin XCBuildConfiguration section */
		696C7A78240AB70600643598 /* Debug */ = {
			isa = XCBuildConfiguration;
			buildSettings = {
				ALWAYS_SEARCH_USER_PATHS = NO;
				CLANG_ANALYZER_NONNULL = YES;
				CLANG_ANALYZER_NUMBER_OBJECT_CONVERSION = YES_AGGRESSIVE;
				CLANG_CXX_LANGUAGE_STANDARD = "gnu++14";
				CLANG_CXX_LIBRARY = "libc++";
				CLANG_ENABLE_MODULES = YES;
				CLANG_ENABLE_OBJC_ARC = YES;
				CLANG_ENABLE_OBJC_WEAK = YES;
				CLANG_WARN_BLOCK_CAPTURE_AUTORELEASING = YES;
				CLANG_WARN_BOOL_CONVERSION = YES;
				CLANG_WARN_COMMA = YES;
				CLANG_WARN_CONSTANT_CONVERSION = YES;
				CLANG_WARN_DEPRECATED_OBJC_IMPLEMENTATIONS = YES;
				CLANG_WARN_DIRECT_OBJC_ISA_USAGE = YES_ERROR;
				CLANG_WARN_DOCUMENTATION_COMMENTS = YES;
				CLANG_WARN_EMPTY_BODY = YES;
				CLANG_WARN_ENUM_CONVERSION = YES;
				CLANG_WARN_INFINITE_RECURSION = YES;
				CLANG_WARN_INT_CONVERSION = YES;
				CLANG_WARN_NON_LITERAL_NULL_CONVERSION = YES;
				CLANG_WARN_OBJC_IMPLICIT_RETAIN_SELF = YES;
				CLANG_WARN_OBJC_LITERAL_CONVERSION = YES;
				CLANG_WARN_OBJC_ROOT_CLASS = YES_ERROR;
				CLANG_WARN_RANGE_LOOP_ANALYSIS = YES;
				CLANG_WARN_STRICT_PROTOTYPES = YES;
				CLANG_WARN_SUSPICIOUS_MOVE = YES;
				CLANG_WARN_UNGUARDED_AVAILABILITY = YES_AGGRESSIVE;
				CLANG_WARN_UNREACHABLE_CODE = YES;
				CLANG_WARN__DUPLICATE_METHOD_MATCH = YES;
				COPY_PHASE_STRIP = NO;
				DEBUG_INFORMATION_FORMAT = dwarf;
				ENABLE_STRICT_OBJC_MSGSEND = YES;
				ENABLE_TESTABILITY = YES;
				GCC_C_LANGUAGE_STANDARD = gnu11;
				GCC_DYNAMIC_NO_PIC = NO;
				GCC_NO_COMMON_BLOCKS = YES;
				GCC_OPTIMIZATION_LEVEL = 0;
				GCC_PREPROCESSOR_DEFINITIONS = (
					"DEBUG=1",
					"$(inherited)",
				);
				GCC_WARN_64_TO_32_BIT_CONVERSION = YES;
				GCC_WARN_ABOUT_RETURN_TYPE = YES_ERROR;
				GCC_WARN_UNDECLARED_SELECTOR = YES;
				GCC_WARN_UNINITIALIZED_AUTOS = YES_AGGRESSIVE;
				GCC_WARN_UNUSED_FUNCTION = YES;
				GCC_WARN_UNUSED_VARIABLE = YES;
				IPHONEOS_DEPLOYMENT_TARGET = 13.2;
				MTL_ENABLE_DEBUG_INFO = INCLUDE_SOURCE;
				MTL_FAST_MATH = YES;
				ONLY_ACTIVE_ARCH = YES;
				SDKROOT = iphoneos;
				SWIFT_ACTIVE_COMPILATION_CONDITIONS = DEBUG;
				SWIFT_OPTIMIZATION_LEVEL = "-Onone";
			};
			name = Debug;
		};
		696C7A79240AB70600643598 /* Release */ = {
			isa = XCBuildConfiguration;
			buildSettings = {
				ALWAYS_SEARCH_USER_PATHS = NO;
				CLANG_ANALYZER_NONNULL = YES;
				CLANG_ANALYZER_NUMBER_OBJECT_CONVERSION = YES_AGGRESSIVE;
				CLANG_CXX_LANGUAGE_STANDARD = "gnu++14";
				CLANG_CXX_LIBRARY = "libc++";
				CLANG_ENABLE_MODULES = YES;
				CLANG_ENABLE_OBJC_ARC = YES;
				CLANG_ENABLE_OBJC_WEAK = YES;
				CLANG_WARN_BLOCK_CAPTURE_AUTORELEASING = YES;
				CLANG_WARN_BOOL_CONVERSION = YES;
				CLANG_WARN_COMMA = YES;
				CLANG_WARN_CONSTANT_CONVERSION = YES;
				CLANG_WARN_DEPRECATED_OBJC_IMPLEMENTATIONS = YES;
				CLANG_WARN_DIRECT_OBJC_ISA_USAGE = YES_ERROR;
				CLANG_WARN_DOCUMENTATION_COMMENTS = YES;
				CLANG_WARN_EMPTY_BODY = YES;
				CLANG_WARN_ENUM_CONVERSION = YES;
				CLANG_WARN_INFINITE_RECURSION = YES;
				CLANG_WARN_INT_CONVERSION = YES;
				CLANG_WARN_NON_LITERAL_NULL_CONVERSION = YES;
				CLANG_WARN_OBJC_IMPLICIT_RETAIN_SELF = YES;
				CLANG_WARN_OBJC_LITERAL_CONVERSION = YES;
				CLANG_WARN_OBJC_ROOT_CLASS = YES_ERROR;
				CLANG_WARN_RANGE_LOOP_ANALYSIS = YES;
				CLANG_WARN_STRICT_PROTOTYPES = YES;
				CLANG_WARN_SUSPICIOUS_MOVE = YES;
				CLANG_WARN_UNGUARDED_AVAILABILITY = YES_AGGRESSIVE;
				CLANG_WARN_UNREACHABLE_CODE = YES;
				CLANG_WARN__DUPLICATE_METHOD_MATCH = YES;
				COPY_PHASE_STRIP = NO;
				DEBUG_INFORMATION_FORMAT = "dwarf-with-dsym";
				ENABLE_NS_ASSERTIONS = NO;
				ENABLE_STRICT_OBJC_MSGSEND = YES;
				GCC_C_LANGUAGE_STANDARD = gnu11;
				GCC_NO_COMMON_BLOCKS = YES;
				GCC_WARN_64_TO_32_BIT_CONVERSION = YES;
				GCC_WARN_ABOUT_RETURN_TYPE = YES_ERROR;
				GCC_WARN_UNDECLARED_SELECTOR = YES;
				GCC_WARN_UNINITIALIZED_AUTOS = YES_AGGRESSIVE;
				GCC_WARN_UNUSED_FUNCTION = YES;
				GCC_WARN_UNUSED_VARIABLE = YES;
				IPHONEOS_DEPLOYMENT_TARGET = 13.2;
				MTL_ENABLE_DEBUG_INFO = NO;
				MTL_FAST_MATH = YES;
				SDKROOT = iphoneos;
				SWIFT_COMPILATION_MODE = wholemodule;
				SWIFT_OPTIMIZATION_LEVEL = "-O";
				VALIDATE_PRODUCT = YES;
			};
			name = Release;
		};
		696C7A7B240AB70600643598 /* Debug */ = {
			isa = XCBuildConfiguration;
			buildSettings = {
				ASSETCATALOG_COMPILER_APPICON_NAME = AppIcon;
				CODE_SIGN_STYLE = Automatic;
				DEVELOPMENT_ASSET_PATHS = "\"co-story/Preview Content\"";
				DEVELOPMENT_TEAM = KJWUN9F44D;
				ENABLE_PREVIEWS = YES;
				INFOPLIST_FILE = "co-story/Info.plist";
				LD_RUNPATH_SEARCH_PATHS = (
					"$(inherited)",
					"@executable_path/Frameworks",
				);
				PRODUCT_BUNDLE_IDENTIFIER = "com.conicle.co-story";
				PRODUCT_NAME = "$(TARGET_NAME)";
				SWIFT_VERSION = 5.0;
				TARGETED_DEVICE_FAMILY = "1,2";
			};
			name = Debug;
		};
		696C7A7C240AB70600643598 /* Release */ = {
			isa = XCBuildConfiguration;
			buildSettings = {
				ASSETCATALOG_COMPILER_APPICON_NAME = AppIcon;
				CODE_SIGN_STYLE = Automatic;
				DEVELOPMENT_ASSET_PATHS = "\"co-story/Preview Content\"";
				DEVELOPMENT_TEAM = KJWUN9F44D;
				ENABLE_PREVIEWS = YES;
				INFOPLIST_FILE = "co-story/Info.plist";
				LD_RUNPATH_SEARCH_PATHS = (
					"$(inherited)",
					"@executable_path/Frameworks",
				);
				PRODUCT_BUNDLE_IDENTIFIER = "com.conicle.co-story";
				PRODUCT_NAME = "$(TARGET_NAME)";
				SWIFT_VERSION = 5.0;
				TARGETED_DEVICE_FAMILY = "1,2";
			};
			name = Release;
		};
		696C7A7E240AB70600643598 /* Debug */ = {
			isa = XCBuildConfiguration;
			buildSettings = {
				ALWAYS_EMBED_SWIFT_STANDARD_LIBRARIES = YES;
				BUNDLE_LOADER = "$(TEST_HOST)";
				CODE_SIGN_STYLE = Automatic;
				DEVELOPMENT_TEAM = KJWUN9F44D;
				INFOPLIST_FILE = "co-storyTests/Info.plist";
				IPHONEOS_DEPLOYMENT_TARGET = 13.2;
				LD_RUNPATH_SEARCH_PATHS = (
					"$(inherited)",
					"@executable_path/Frameworks",
					"@loader_path/Frameworks",
				);
				PRODUCT_BUNDLE_IDENTIFIER = "com.conicle.co-storyTests";
				PRODUCT_NAME = "$(TARGET_NAME)";
				SWIFT_VERSION = 5.0;
				TARGETED_DEVICE_FAMILY = "1,2";
				TEST_HOST = "$(BUILT_PRODUCTS_DIR)/co-story.app/co-story";
			};
			name = Debug;
		};
		696C7A7F240AB70600643598 /* Release */ = {
			isa = XCBuildConfiguration;
			buildSettings = {
				ALWAYS_EMBED_SWIFT_STANDARD_LIBRARIES = YES;
				BUNDLE_LOADER = "$(TEST_HOST)";
				CODE_SIGN_STYLE = Automatic;
				DEVELOPMENT_TEAM = KJWUN9F44D;
				INFOPLIST_FILE = "co-storyTests/Info.plist";
				IPHONEOS_DEPLOYMENT_TARGET = 13.2;
				LD_RUNPATH_SEARCH_PATHS = (
					"$(inherited)",
					"@executable_path/Frameworks",
					"@loader_path/Frameworks",
				);
				PRODUCT_BUNDLE_IDENTIFIER = "com.conicle.co-storyTests";
				PRODUCT_NAME = "$(TARGET_NAME)";
				SWIFT_VERSION = 5.0;
				TARGETED_DEVICE_FAMILY = "1,2";
				TEST_HOST = "$(BUILT_PRODUCTS_DIR)/co-story.app/co-story";
			};
			name = Release;
		};
		696C7A81240AB70600643598 /* Debug */ = {
			isa = XCBuildConfiguration;
			buildSettings = {
				ALWAYS_EMBED_SWIFT_STANDARD_LIBRARIES = YES;
				CODE_SIGN_STYLE = Automatic;
				DEVELOPMENT_TEAM = KJWUN9F44D;
				INFOPLIST_FILE = "co-storyUITests/Info.plist";
				LD_RUNPATH_SEARCH_PATHS = (
					"$(inherited)",
					"@executable_path/Frameworks",
					"@loader_path/Frameworks",
				);
				PRODUCT_BUNDLE_IDENTIFIER = "com.conicle.co-storyUITests";
				PRODUCT_NAME = "$(TARGET_NAME)";
				SWIFT_VERSION = 5.0;
				TARGETED_DEVICE_FAMILY = "1,2";
				TEST_TARGET_NAME = "co-story";
			};
			name = Debug;
		};
		696C7A82240AB70600643598 /* Release */ = {
			isa = XCBuildConfiguration;
			buildSettings = {
				ALWAYS_EMBED_SWIFT_STANDARD_LIBRARIES = YES;
				CODE_SIGN_STYLE = Automatic;
				DEVELOPMENT_TEAM = KJWUN9F44D;
				INFOPLIST_FILE = "co-storyUITests/Info.plist";
				LD_RUNPATH_SEARCH_PATHS = (
					"$(inherited)",
					"@executable_path/Frameworks",
					"@loader_path/Frameworks",
				);
				PRODUCT_BUNDLE_IDENTIFIER = "com.conicle.co-storyUITests";
				PRODUCT_NAME = "$(TARGET_NAME)";
				SWIFT_VERSION = 5.0;
				TARGETED_DEVICE_FAMILY = "1,2";
				TEST_TARGET_NAME = "co-story";
			};
			name = Release;
		};
/* End XCBuildConfiguration section */

/* Begin XCConfigurationList section */
		696C7A48240AB70200643598 /* Build configuration list for PBXProject "co-story" */ = {
			isa = XCConfigurationList;
			buildConfigurations = (
				696C7A78240AB70600643598 /* Debug */,
				696C7A79240AB70600643598 /* Release */,
			);
			defaultConfigurationIsVisible = 0;
			defaultConfigurationName = Release;
		};
		696C7A7A240AB70600643598 /* Build configuration list for PBXNativeTarget "co-story" */ = {
			isa = XCConfigurationList;
			buildConfigurations = (
				696C7A7B240AB70600643598 /* Debug */,
				696C7A7C240AB70600643598 /* Release */,
			);
			defaultConfigurationIsVisible = 0;
			defaultConfigurationName = Release;
		};
		696C7A7D240AB70600643598 /* Build configuration list for PBXNativeTarget "co-storyTests" */ = {
			isa = XCConfigurationList;
			buildConfigurations = (
				696C7A7E240AB70600643598 /* Debug */,
				696C7A7F240AB70600643598 /* Release */,
			);
			defaultConfigurationIsVisible = 0;
			defaultConfigurationName = Release;
		};
		696C7A80240AB70600643598 /* Build configuration list for PBXNativeTarget "co-storyUITests" */ = {
			isa = XCConfigurationList;
			buildConfigurations = (
				696C7A81240AB70600643598 /* Debug */,
				696C7A82240AB70600643598 /* Release */,
			);
			defaultConfigurationIsVisible = 0;
			defaultConfigurationName = Release;
		};
/* End XCConfigurationList section */

/* Begin XCVersionGroup section */
		696C7A54240AB70200643598 /* co_story.xcdatamodeld */ = {
			isa = XCVersionGroup;
			children = (
				696C7A55240AB70200643598 /* co_story.xcdatamodel */,
			);
			currentVersion = 696C7A55240AB70200643598 /* co_story.xcdatamodel */;
			path = co_story.xcdatamodeld;
			sourceTree = "<group>";
			versionGroupType = wrapper.xcdatamodel;
		};
/* End XCVersionGroup section */
	};
	rootObject = 696C7A45240AB70200643598 /* Project object */;
}
